{
  "nodes": {
    "nixpkgs": {
      "locked": {
        "lastModified": 1654774873,
        "narHash": "sha256-j9P9bd14IC167tP3IPBegr2daiLmh0QxyStXhv1Y0PE=",
        "owner": "NixOS",
        "repo": "nixpkgs",
        "rev": "1191f8391f133d2f82cf34c689a8e79d04ae78a0",
        "type": "github"
      },
      "original": {
        "owner": "NixOS",
        "repo": "nixpkgs",
        "type": "github"
      }
    },
    "root": {
      "inputs": {
        "nixpkgs": "nixpkgs"
      }
    }
  },
  "root": "root",
  "version": 7
}
