{
  "nodes": {
    "nixpkgs": {
      "locked": {
        "lastModified": 1654772750,
        "narHash": "sha256-LpEZQKLwYM7An3fA6J4sUSsVNCyHvAWsmqCXl3FbYgY=",
        "owner": "NixOS",
        "repo": "nixpkgs",
        "rev": "7eb78c6d040df835a754d2abed7760c4da0d5cf0",
        "type": "github"
      },
      "original": {
        "owner": "NixOS",
        "repo": "nixpkgs",
        "type": "github"
      }
    },
    "root": {
      "inputs": {
        "nixpkgs": "nixpkgs"
      }
    }
  },
  "root": "root",
  "version": 7
}
