{
  "nodes": {
    "nixpkgs": {
      "locked": {
        "lastModified": 1654381341,
        "narHash": "sha256-Rw2ZBK3kJR6iMEUlZv8lXcWeyeweb6TZbTsgC+WVy30=",
        "owner": "NixOS",
        "repo": "nixpkgs",
        "rev": "4dfaf007ec8ff18e6706ba55a39860e6a192f29b",
        "type": "github"
      },
      "original": {
        "owner": "NixOS",
        "repo": "nixpkgs",
        "type": "github"
      }
    },
    "root": {
      "inputs": {
        "nixpkgs": "nixpkgs"
      }
    }
  },
  "root": "root",
  "version": 7
}
